
Microsoft Visual Studio Solution File, Format Version 10.00
# Visual Studio 2008
Project("{8BC9CEB8-8B4A-11D0-8D11-00A0C91BC942}") = "TCPClent_project", "TCPClent_project\TCPClent_project.vcproj", "{1738B3E9-A4AF-4CC5-8144-AC49DBDDEFF9}"
EndProject
Global
	GlobalSection(SolutionConfigurationPlatforms) = preSolution
		Debug|Win32 = Debug|Win32
		Release|Win32 = Release|Win32
	EndGlobalSection
	GlobalSection(ProjectConfigurationPlatforms) = postSolution
		{1738B3E9-A4AF-4CC5-8144-AC49DBDDEFF9}.Debug|Win32.ActiveCfg = Debug|Win32
		{1738B3E9-A4AF-4CC5-8144-AC49DBDDEFF9}.Debug|Win32.Build.0 = Debug|Win32
		{1738B3E9-A4AF-4CC5-8144-AC49DBDDEFF9}.Release|Win32.ActiveCfg = Release|Win32
		{1738B3E9-A4AF-4CC5-8144-AC49DBDDEFF9}.Release|Win32.Build.0 = Release|Win32
	EndGlobalSection
	GlobalSection(SolutionProperties) = preSolution
		HideSolutionNode = FALSE
	EndGlobalSection
EndGlobal
