
Microsoft Visual Studio Solution File, Format Version 10.00
# Visual Studio 2008
Project("{8BC9CEB8-8B4A-11D0-8D11-00A0C91BC942}") = "TCPServer_project", "TCPServer_project\TCPServer_project.vcproj", "{16BD5357-38D7-4815-A847-1CC4BA76D800}"
EndProject
Global
	GlobalSection(SolutionConfigurationPlatforms) = preSolution
		Debug|Win32 = Debug|Win32
		Release|Win32 = Release|Win32
	EndGlobalSection
	GlobalSection(ProjectConfigurationPlatforms) = postSolution
		{16BD5357-38D7-4815-A847-1CC4BA76D800}.Debug|Win32.ActiveCfg = Debug|Win32
		{16BD5357-38D7-4815-A847-1CC4BA76D800}.Debug|Win32.Build.0 = Debug|Win32
		{16BD5357-38D7-4815-A847-1CC4BA76D800}.Release|Win32.ActiveCfg = Release|Win32
		{16BD5357-38D7-4815-A847-1CC4BA76D800}.Release|Win32.Build.0 = Release|Win32
	EndGlobalSection
	GlobalSection(SolutionProperties) = preSolution
		HideSolutionNode = FALSE
	EndGlobalSection
EndGlobal
